{
  "name": "ttt2",
  "version": "0.0.8",
  "lockfileVersion": 1,
  "requires": true,
  "dependencies": {
    "ttt1": {
      "version": "0.0.4",
      "resolved": "https://registry.npmjs.org/ttt1/-/ttt1-0.0.4.tgz",
      "integrity": "sha512-HQYtgKPWSyC50LFtQNrjiOFvMJUHjoqqI6Qd/thVS9rODe0jQ4m1XOz1rKJ3E9i7QriU9lVG3fYvI8BxqGH4vQ=="
    }
  }
}
